
Microsoft Visual Studio Solution File, Format Version 12.00
# Visual Studio 2017
Project("{FAE04EC0-301F-11D3-BF4B-00C04F79EFBC}") = "Vertex", "Vertex.csproj", "{8100A922-FA0D-957D-3581-3A7E7A80F4CF}"
EndProject
Project("{FAE04EC0-301F-11D3-BF4B-00C04F79EFBC}") = "Vertex.Editor", "Vertex.Editor.csproj", "{4F288C04-E44B-261D-B20C-47108B5BFD77}"
EndProject
Global
	GlobalSection(SolutionConfigurationPlatforms) = preSolution
		Debug|Any CPU = Debug|Any CPU
		Release|Any CPU = Release|Any CPU
	EndGlobalSection
	GlobalSection(ProjectConfigurationPlatforms) = postSolution
		{8100A922-FA0D-957D-3581-3A7E7A80F4CF}.Debug|Any CPU.ActiveCfg = Debug|Any CPU
		{8100A922-FA0D-957D-3581-3A7E7A80F4CF}.Debug|Any CPU.Build.0 = Debug|Any CPU
		{8100A922-FA0D-957D-3581-3A7E7A80F4CF}.Release|Any CPU.ActiveCfg = Release|Any CPU
		{8100A922-FA0D-957D-3581-3A7E7A80F4CF}.Release|Any CPU.Build.0 = Release|Any CPU
		{4F288C04-E44B-261D-B20C-47108B5BFD77}.Debug|Any CPU.ActiveCfg = Debug|Any CPU
		{4F288C04-E44B-261D-B20C-47108B5BFD77}.Debug|Any CPU.Build.0 = Debug|Any CPU
		{4F288C04-E44B-261D-B20C-47108B5BFD77}.Release|Any CPU.ActiveCfg = Release|Any CPU
		{4F288C04-E44B-261D-B20C-47108B5BFD77}.Release|Any CPU.Build.0 = Release|Any CPU
	EndGlobalSection
	GlobalSection(SolutionProperties) = preSolution
		HideSolutionNode = FALSE
	EndGlobalSection
EndGlobal
