
Microsoft Visual Studio Solution File, Format Version 12.00
# Visual Studio 2017
Project("{FAE04EC0-301F-11D3-BF4B-00C04F79EFBC}") = "Fish_01", "Fish_01.csproj", "{A0808F50-92E1-9091-C448-DF6A8A67E498}"
EndProject
Global
	GlobalSection(SolutionConfigurationPlatforms) = preSolution
		Debug|Any CPU = Debug|Any CPU
		Release|Any CPU = Release|Any CPU
	EndGlobalSection
	GlobalSection(ProjectConfigurationPlatforms) = postSolution
		{A0808F50-92E1-9091-C448-DF6A8A67E498}.Debug|Any CPU.ActiveCfg = Debug|Any CPU
		{A0808F50-92E1-9091-C448-DF6A8A67E498}.Debug|Any CPU.Build.0 = Debug|Any CPU
		{A0808F50-92E1-9091-C448-DF6A8A67E498}.Release|Any CPU.ActiveCfg = Release|Any CPU
		{A0808F50-92E1-9091-C448-DF6A8A67E498}.Release|Any CPU.Build.0 = Release|Any CPU
	EndGlobalSection
	GlobalSection(SolutionProperties) = preSolution
		HideSolutionNode = FALSE
	EndGlobalSection
EndGlobal
